{
	"name": "programming-badges",
	"version": "1.0.0",
	"lockfileVersion": 2,
	"requires": true,
	"packages": {
		"": {
			"version": "1.0.0",
			"license": "UNLICENSED",
			"devDependencies": {
				"@types/node": "^15.6.0",
				"@types/simple-icons": "^4.17.0",
				"simple-icons": "^4.25.0",
				"typescript": "^4.2.4"
			}
		},
		"node_modules/@types/node": {
			"version": "15.6.0",
			"resolved": "https://registry.npmjs.org/@types/node/-/node-15.6.0.tgz",
			"integrity": "sha512-gCYSfQpy+LYhOFTKAeE8BkyGqaxmlFxe+n4DKM6DR0wzw/HISUE/hAmkC/KT8Sw5PCJblqg062b3z9gucv3k0A==",
			"dev": true
		},
		"node_modules/@types/simple-icons": {
			"version": "4.17.0",
			"resolved": "https://registry.npmjs.org/@types/simple-icons/-/simple-icons-4.17.0.tgz",
			"integrity": "sha512-O5lzofiRRDWfUWnTkAk9N4MDaHxqe+TfrKFlEaz8rgRlav5UWAtLF8TnyeTsuTU3mjjDRm5UpMv4uydkF7ZBQQ==",
			"dev": true
		},
		"node_modules/simple-icons": {
			"version": "4.25.0",
			"resolved": "https://registry.npmjs.org/simple-icons/-/simple-icons-4.25.0.tgz",
			"integrity": "sha512-bnQccBJXKaWECSFKV4jdSDOvJb0om1yNqHf+lSXiE+hTk/R3L1Mz+EfQRgkmVjED2dSZhbZWxGzdC8+cQzSoaA==",
			"dev": true
		},
		"node_modules/typescript": {
			"version": "4.2.4",
			"resolved": "https://registry.npmjs.org/typescript/-/typescript-4.2.4.tgz",
			"integrity": "sha512-V+evlYHZnQkaz8TRBuxTA92yZBPotr5H+WhQ7bD3hZUndx5tGOa1fuCgeSjxAzM1RiN5IzvadIXTVefuuwZCRg==",
			"dev": true,
			"bin": {
				"tsc": "bin/tsc",
				"tsserver": "bin/tsserver"
			},
			"engines": {
				"node": ">=4.2.0"
			}
		}
	},
	"dependencies": {
		"@types/node": {
			"version": "15.6.0",
			"resolved": "https://registry.npmjs.org/@types/node/-/node-15.6.0.tgz",
			"integrity": "sha512-gCYSfQpy+LYhOFTKAeE8BkyGqaxmlFxe+n4DKM6DR0wzw/HISUE/hAmkC/KT8Sw5PCJblqg062b3z9gucv3k0A==",
			"dev": true
		},
		"@types/simple-icons": {
			"version": "4.17.0",
			"resolved": "https://registry.npmjs.org/@types/simple-icons/-/simple-icons-4.17.0.tgz",
			"integrity": "sha512-O5lzofiRRDWfUWnTkAk9N4MDaHxqe+TfrKFlEaz8rgRlav5UWAtLF8TnyeTsuTU3mjjDRm5UpMv4uydkF7ZBQQ==",
			"dev": true
		},
		"simple-icons": {
			"version": "4.25.0",
			"resolved": "https://registry.npmjs.org/simple-icons/-/simple-icons-4.25.0.tgz",
			"integrity": "sha512-bnQccBJXKaWECSFKV4jdSDOvJb0om1yNqHf+lSXiE+hTk/R3L1Mz+EfQRgkmVjED2dSZhbZWxGzdC8+cQzSoaA==",
			"dev": true
		},
		"typescript": {
			"version": "4.2.4",
			"resolved": "https://registry.npmjs.org/typescript/-/typescript-4.2.4.tgz",
			"integrity": "sha512-V+evlYHZnQkaz8TRBuxTA92yZBPotr5H+WhQ7bD3hZUndx5tGOa1fuCgeSjxAzM1RiN5IzvadIXTVefuuwZCRg==",
			"dev": true
		}
	}
}
